// !$*UTF8*$!
{
	archiveVersion = 1;
	classes = {
	};
	objectVersion = 46;
	objects = {

/* Begin PBXBuildFile section */
		A01C76AD1C3C004B008D8893 /* main.cpp in Sources */ = {isa = PBXBuildFile; fileRef = A01C76AC1C3C004B008D8893 /* main.cpp */; };
		A01C76B41C3C022A008D8893 /* OpenGL.framework in Frameworks */ = {isa = PBXBuildFile; fileRef = A01C76B31C3C022A008D8893 /* OpenGL.framework */; };
		A01C76B61C3C0234008D8893 /* GLUT.framework in Frameworks */ = {isa = PBXBuildFile; fileRef = A01C76B51C3C0234008D8893 /* GLUT.framework */; };
		A05203DF1C463602005A1A55 /* SDL2.framework in Frameworks */ = {isa = PBXBuildFile; fileRef = A05203DE1C463602005A1A55 /* SDL2.framework */; };
/* End PBXBuildFile section */

/* Begin PBXCopyFilesBuildPhase section */
		A01C76A71C3C004B008D8893 /* CopyFiles */ = {
			isa = PBXCopyFilesBuildPhase;
			buildActionMask = 2147483647;
			dstPath = /usr/share/man/man1/;
			dstSubfolderSpec = 0;
			files = (
			);
			runOnlyForDeploymentPostprocessing = 1;
		};
/* End PBXCopyFilesBuildPhase section */

/* Begin PBXFileReference section */
		A01C76A91C3C004B008D8893 /* Work02 */ = {isa = PBXFileReference; explicitFileType = "compiled.mach-o.executable"; includeInIndex = 0; path = Work02; sourceTree = BUILT_PRODUCTS_DIR; };
		A01C76AC1C3C004B008D8893 /* main.cpp */ = {isa = PBXFileReference; lastKnownFileType = sourcecode.cpp.cpp; path = main.cpp; sourceTree = "<group>"; };
		A01C76B31C3C022A008D8893 /* OpenGL.framework */ = {isa = PBXFileReference; lastKnownFileType = wrapper.framework; name = OpenGL.framework; path = System/Library/Frameworks/OpenGL.framework; sourceTree = SDKROOT; };
		A01C76B51C3C0234008D8893 /* GLUT.framework */ = {isa = PBXFileReference; lastKnownFileType = wrapper.framework; name = GLUT.framework; path = System/Library/Frameworks/GLUT.framework; sourceTree = SDKROOT; };
		A05203DE1C463602005A1A55 /* SDL2.framework */ = {isa = PBXFileReference; lastKnownFileType = wrapper.framework; name = SDL2.framework; path = ../../../../../../../../Library/Frameworks/SDL2.framework; sourceTree = "<group>"; };
		A05203E01C46380E005A1A55 /* Sun.bmp */ = {isa = PBXFileReference; lastKnownFileType = image.bmp; path = Sun.bmp; sourceTree = "<group>"; };
		A05203E11C46384C005A1A55 /* Moon.bmp */ = {isa = PBXFileReference; lastKnownFileType = image.bmp; path = Moon.bmp; sourceTree = "<group>"; };
		A05203E21C463850005A1A55 /* Earth.bmp */ = {isa = PBXFileReference; lastKnownFileType = image.bmp; path = Earth.bmp; sourceTree = "<group>"; };
/* End PBXFileReference section */

/* Begin PBXFrameworksBuildPhase section */
		A01C76A61C3C004B008D8893 /* Frameworks */ = {
			isa = PBXFrameworksBuildPhase;
			buildActionMask = 2147483647;
			files = (
				A05203DF1C463602005A1A55 /* SDL2.framework in Frameworks */,
				A01C76B61C3C0234008D8893 /* GLUT.framework in Frameworks */,
				A01C76B41C3C022A008D8893 /* OpenGL.framework in Frameworks */,
			);
			runOnlyForDeploymentPostprocessing = 0;
		};
/* End PBXFrameworksBuildPhase section */

/* Begin PBXGroup section */
		A01C76A01C3C004B008D8893 = {
			isa = PBXGroup;
			children = (
				A05203DE1C463602005A1A55 /* SDL2.framework */,
				A05203E01C46380E005A1A55 /* Sun.bmp */,
				A05203E21C463850005A1A55 /* Earth.bmp */,
				A05203E11C46384C005A1A55 /* Moon.bmp */,
				A01C76B51C3C0234008D8893 /* GLUT.framework */,
				A01C76B31C3C022A008D8893 /* OpenGL.framework */,
				A01C76AB1C3C004B008D8893 /* Work02 */,
				A01C76AA1C3C004B008D8893 /* Products */,
			);
			sourceTree = "<group>";
		};
		A01C76AA1C3C004B008D8893 /* Products */ = {
			isa = PBXGroup;
			children = (
				A01C76A91C3C004B008D8893 /* Work02 */,
			);
			name = Products;
			sourceTree = "<group>";
		};
		A01C76AB1C3C004B008D8893 /* Work02 */ = {
			isa = PBXGroup;
			children = (
				A01C76AC1C3C004B008D8893 /* main.cpp */,
			);
			path = Work02;
			sourceTree = "<group>";
		};
/* End PBXGroup section */

/* Begin PBXNativeTarget section */
		A01C76A81C3C004B008D8893 /* Work02 */ = {
			isa = PBXNativeTarget;
			buildConfigurationList = A01C76B01C3C004B008D8893 /* Build configuration list for PBXNativeTarget "Work02" */;
			buildPhases = (
				A01C76A51C3C004B008D8893 /* Sources */,
				A01C76A61C3C004B008D8893 /* Frameworks */,
				A01C76A71C3C004B008D8893 /* CopyFiles */,
			);
			buildRules = (
			);
			dependencies = (
			);
			name = Work02;
			productName = Work02;
			productReference = A01C76A91C3C004B008D8893 /* Work02 */;
			productType = "com.apple.product-type.tool";
		};
/* End PBXNativeTarget section */

/* Begin PBXProject section */
		A01C76A11C3C004B008D8893 /* Project object */ = {
			isa = PBXProject;
			attributes = {
				LastUpgradeCheck = 0710;
				ORGANIZATIONNAME = "黄梦妃";
				TargetAttributes = {
					A01C76A81C3C004B008D8893 = {
						CreatedOnToolsVersion = 7.1;
					};
				};
			};
			buildConfigurationList = A01C76A41C3C004B008D8893 /* Build configuration list for PBXProject "Work02" */;
			compatibilityVersion = "Xcode 3.2";
			developmentRegion = English;
			hasScannedForEncodings = 0;
			knownRegions = (
				en,
			);
			mainGroup = A01C76A01C3C004B008D8893;
			productRefGroup = A01C76AA1C3C004B008D8893 /* Products */;
			projectDirPath = "";
			projectRoot = "";
			targets = (
				A01C76A81C3C004B008D8893 /* Work02 */,
			);
		};
/* End PBXProject section */

/* Begin PBXSourcesBuildPhase section */
		A01C76A51C3C004B008D8893 /* Sources */ = {
			isa = PBXSourcesBuildPhase;
			buildActionMask = 2147483647;
			files = (
				A01C76AD1C3C004B008D8893 /* main.cpp in Sources */,
			);
			runOnlyForDeploymentPostprocessing = 0;
		};
/* End PBXSourcesBuildPhase section */

/* Begin XCBuildConfiguration section */
		A01C76AE1C3C004B008D8893 /* Debug */ = {
			isa = XCBuildConfiguration;
			buildSettings = {
				ALWAYS_SEARCH_USER_PATHS = NO;
				CLANG_CXX_LANGUAGE_STANDARD = "gnu++0x";
				CLANG_CXX_LIBRARY = "libc++";
				CLANG_ENABLE_MODULES = YES;
				CLANG_ENABLE_OBJC_ARC = YES;
				CLANG_WARN_BOOL_CONVERSION = YES;
				CLANG_WARN_CONSTANT_CONVERSION = YES;
				CLANG_WARN_DIRECT_OBJC_ISA_USAGE = YES_ERROR;
				CLANG_WARN_EMPTY_BODY = YES;
				CLANG_WARN_ENUM_CONVERSION = YES;
				CLANG_WARN_INT_CONVERSION = YES;
				CLANG_WARN_OBJC_ROOT_CLASS = YES_ERROR;
				CLANG_WARN_UNREACHABLE_CODE = YES;
				CLANG_WARN__DUPLICATE_METHOD_MATCH = YES;
				CODE_SIGN_IDENTITY = "-";
				COPY_PHASE_STRIP = NO;
				DEBUG_INFORMATION_FORMAT = dwarf;
				ENABLE_STRICT_OBJC_MSGSEND = YES;
				ENABLE_TESTABILITY = YES;
				GCC_C_LANGUAGE_STANDARD = gnu99;
				GCC_DYNAMIC_NO_PIC = NO;
				GCC_NO_COMMON_BLOCKS = YES;
				GCC_OPTIMIZATION_LEVEL = 0;
				GCC_PREPROCESSOR_DEFINITIONS = (
					"DEBUG=1",
					"$(inherited)",
				);
				GCC_WARN_64_TO_32_BIT_CONVERSION = YES;
				GCC_WARN_ABOUT_RETURN_TYPE = YES_ERROR;
				GCC_WARN_UNDECLARED_SELECTOR = YES;
				GCC_WARN_UNINITIALIZED_AUTOS = YES_AGGRESSIVE;
				GCC_WARN_UNUSED_FUNCTION = YES;
				GCC_WARN_UNUSED_VARIABLE = YES;
				MACOSX_DEPLOYMENT_TARGET = 10.10;
				MTL_ENABLE_DEBUG_INFO = YES;
				ONLY_ACTIVE_ARCH = YES;
				SDKROOT = macosx;
			};
			name = Debug;
		};
		A01C76AF1C3C004B008D8893 /* Release */ = {
			isa = XCBuildConfiguration;
			buildSettings = {
				ALWAYS_SEARCH_USER_PATHS = NO;
				CLANG_CXX_LANGUAGE_STANDARD = "gnu++0x";
				CLANG_CXX_LIBRARY = "libc++";
				CLANG_ENABLE_MODULES = YES;
				CLANG_ENABLE_OBJC_ARC = YES;
				CLANG_WARN_BOOL_CONVERSION = YES;
				CLANG_WARN_CONSTANT_CONVERSION = YES;
				CLANG_WARN_DIRECT_OBJC_ISA_USAGE = YES_ERROR;
				CLANG_WARN_EMPTY_BODY = YES;
				CLANG_WARN_ENUM_CONVERSION = YES;
				CLANG_WARN_INT_CONVERSION = YES;
				CLANG_WARN_OBJC_ROOT_CLASS = YES_ERROR;
				CLANG_WARN_UNREACHABLE_CODE = YES;
				CLANG_WARN__DUPLICATE_METHOD_MATCH = YES;
				CODE_SIGN_IDENTITY = "-";
				COPY_PHASE_STRIP = NO;
				DEBUG_INFORMATION_FORMAT = "dwarf-with-dsym";
				ENABLE_NS_ASSERTIONS = NO;
				ENABLE_STRICT_OBJC_MSGSEND = YES;
				GCC_C_LANGUAGE_STANDARD = gnu99;
				GCC_NO_COMMON_BLOCKS = YES;
				GCC_WARN_64_TO_32_BIT_CONVERSION = YES;
				GCC_WARN_ABOUT_RETURN_TYPE = YES_ERROR;
				GCC_WARN_UNDECLARED_SELECTOR = YES;
				GCC_WARN_UNINITIALIZED_AUTOS = YES_AGGRESSIVE;
				GCC_WARN_UNUSED_FUNCTION = YES;
				GCC_WARN_UNUSED_VARIABLE = YES;
				MACOSX_DEPLOYMENT_TARGET = 10.10;
				MTL_ENABLE_DEBUG_INFO = NO;
				SDKROOT = macosx;
			};
			name = Release;
		};
		A01C76B11C3C004B008D8893 /* Debug */ = {
			isa = XCBuildConfiguration;
			buildSettings = {
				FRAMEWORK_SEARCH_PATHS = (
					"$(inherited)",
					"$(PROJECT_DIR)",
					"$(LOCAL_LIBRARY_DIR)/Frameworks",
				);
				MACOSX_DEPLOYMENT_TARGET = 10.8;
				PRODUCT_NAME = "$(TARGET_NAME)";
			};
			name = Debug;
		};
		A01C76B21C3C004B008D8893 /* Release */ = {
			isa = XCBuildConfiguration;
			buildSettings = {
				FRAMEWORK_SEARCH_PATHS = (
					"$(inherited)",
					"$(PROJECT_DIR)",
					"$(LOCAL_LIBRARY_DIR)/Frameworks",
				);
				MACOSX_DEPLOYMENT_TARGET = 10.8;
				PRODUCT_NAME = "$(TARGET_NAME)";
			};
			name = Release;
		};
/* End XCBuildConfiguration section */

/* Begin XCConfigurationList section */
		A01C76A41C3C004B008D8893 /* Build configuration list for PBXProject "Work02" */ = {
			isa = XCConfigurationList;
			buildConfigurations = (
				A01C76AE1C3C004B008D8893 /* Debug */,
				A01C76AF1C3C004B008D8893 /* Release */,
			);
			defaultConfigurationIsVisible = 0;
			defaultConfigurationName = Release;
		};
		A01C76B01C3C004B008D8893 /* Build configuration list for PBXNativeTarget "Work02" */ = {
			isa = XCConfigurationList;
			buildConfigurations = (
				A01C76B11C3C004B008D8893 /* Debug */,
				A01C76B21C3C004B008D8893 /* Release */,
			);
			defaultConfigurationIsVisible = 0;
			defaultConfigurationName = Release;
		};
/* End XCConfigurationList section */
	};
	rootObject = A01C76A11C3C004B008D8893 /* Project object */;
}
